{
  "nodes": {
    "nixpkgs": {
      "locked": {
        "lastModified": 1609591263,
        "narHash": "sha256-I26oNkBpi6Upsmb0By6by3mlM/vV3t/uWuJhQ15ID44=",
        "owner": "NixOS",
        "repo": "nixpkgs",
        "rev": "c6b23ba64aea4b0e2163ff84990084a6bec455c5",
        "type": "github"
      },
      "original": {
        "id": "nixpkgs",
        "ref": "release-20.09",
        "type": "indirect"
      }
    },
    "root": {
      "inputs": {
        "nixpkgs": "nixpkgs"
      }
    }
  },
  "root": "root",
  "version": 7
}
